// !$*UTF8*$!
{
	archiveVersion = 1;
	classes = {
	};
	objectVersion = 46;
	objects = {

/* Begin PBXBuildFile section */
		7E0BB3331E5ACA4F00345ECD /* AppDelegate.swift in Sources */ = {isa = PBXBuildFile; fileRef = 7E0BB3321E5ACA4F00345ECD /* AppDelegate.swift */; };
		7E0BB33A1E5ACA4F00345ECD /* Assets.xcassets in Resources */ = {isa = PBXBuildFile; fileRef = 7E0BB3391E5ACA4F00345ECD /* Assets.xcassets */; };
		7E0BB33D1E5ACA4F00345ECD /* LaunchScreen.storyboard in Resources */ = {isa = PBXBuildFile; fileRef = 7E0BB33B1E5ACA4F00345ECD /* LaunchScreen.storyboard */; };
		7EDBD25B1E5C4D6000B68BE5 /* HomeController.swift in Sources */ = {isa = PBXBuildFile; fileRef = 7EDBD25A1E5C4D6000B68BE5 /* HomeController.swift */; };
		7EDBD25D1E5C534400B68BE5 /* HomeDataSourceController.swift in Sources */ = {isa = PBXBuildFile; fileRef = 7EDBD25C1E5C534400B68BE5 /* HomeDataSourceController.swift */; };
		7EF2263A1E5C587000993C78 /* Cell.swift in Sources */ = {isa = PBXBuildFile; fileRef = 7EF226391E5C587000993C78 /* Cell.swift */; };
		7EF2263C1E5C58A100993C78 /* HomeDatasource.swift in Sources */ = {isa = PBXBuildFile; fileRef = 7EF2263B1E5C58A100993C78 /* HomeDatasource.swift */; };
		FB05E47335953D0BD2A2F6A5 /* Pods_TwitterClone.framework in Frameworks */ = {isa = PBXBuildFile; fileRef = B8B8EC82EFB11187814E5F86 /* Pods_TwitterClone.framework */; };
/* End PBXBuildFile section */

/* Begin PBXFileReference section */
		434D190A44F0A4C70C33DEAD /* Pods-TwitterClone.debug.xcconfig */ = {isa = PBXFileReference; includeInIndex = 1; lastKnownFileType = text.xcconfig; name = "Pods-TwitterClone.debug.xcconfig"; path = "Pods/Target Support Files/Pods-TwitterClone/Pods-TwitterClone.debug.xcconfig"; sourceTree = "<group>"; };
		616723B9D864C950C61F00AC /* Pods-TwitterClone.release.xcconfig */ = {isa = PBXFileReference; includeInIndex = 1; lastKnownFileType = text.xcconfig; name = "Pods-TwitterClone.release.xcconfig"; path = "Pods/Target Support Files/Pods-TwitterClone/Pods-TwitterClone.release.xcconfig"; sourceTree = "<group>"; };
		7E0BB32F1E5ACA4F00345ECD /* TwitterClone.app */ = {isa = PBXFileReference; explicitFileType = wrapper.application; includeInIndex = 0; path = TwitterClone.app; sourceTree = BUILT_PRODUCTS_DIR; };
		7E0BB3321E5ACA4F00345ECD /* AppDelegate.swift */ = {isa = PBXFileReference; lastKnownFileType = sourcecode.swift; path = AppDelegate.swift; sourceTree = "<group>"; };
		7E0BB3391E5ACA4F00345ECD /* Assets.xcassets */ = {isa = PBXFileReference; lastKnownFileType = folder.assetcatalog; path = Assets.xcassets; sourceTree = "<group>"; };
		7E0BB33C1E5ACA4F00345ECD /* Base */ = {isa = PBXFileReference; lastKnownFileType = file.storyboard; name = Base; path = Base.lproj/LaunchScreen.storyboard; sourceTree = "<group>"; };
		7E0BB33E1E5ACA4F00345ECD /* Info.plist */ = {isa = PBXFileReference; lastKnownFileType = text.plist.xml; path = Info.plist; sourceTree = "<group>"; };
		7EDBD25A1E5C4D6000B68BE5 /* HomeController.swift */ = {isa = PBXFileReference; fileEncoding = 4; lastKnownFileType = sourcecode.swift; path = HomeController.swift; sourceTree = "<group>"; };
		7EDBD25C1E5C534400B68BE5 /* HomeDataSourceController.swift */ = {isa = PBXFileReference; fileEncoding = 4; lastKnownFileType = sourcecode.swift; path = HomeDataSourceController.swift; sourceTree = "<group>"; };
		7EF226391E5C587000993C78 /* Cell.swift */ = {isa = PBXFileReference; fileEncoding = 4; lastKnownFileType = sourcecode.swift; path = Cell.swift; sourceTree = "<group>"; };
		7EF2263B1E5C58A100993C78 /* HomeDatasource.swift */ = {isa = PBXFileReference; fileEncoding = 4; lastKnownFileType = sourcecode.swift; path = HomeDatasource.swift; sourceTree = "<group>"; };
		B8B8EC82EFB11187814E5F86 /* Pods_TwitterClone.framework */ = {isa = PBXFileReference; explicitFileType = wrapper.framework; includeInIndex = 0; path = Pods_TwitterClone.framework; sourceTree = BUILT_PRODUCTS_DIR; };
/* End PBXFileReference section */

/* Begin PBXFrameworksBuildPhase section */
		7E0BB32C1E5ACA4F00345ECD /* Frameworks */ = {
			isa = PBXFrameworksBuildPhase;
			buildActionMask = 2147483647;
			files = (
				FB05E47335953D0BD2A2F6A5 /* Pods_TwitterClone.framework in Frameworks */,
			);
			runOnlyForDeploymentPostprocessing = 0;
		};
/* End PBXFrameworksBuildPhase section */

/* Begin PBXGroup section */
		7E0BB3261E5ACA4F00345ECD = {
			isa = PBXGroup;
			children = (
				7E0BB3311E5ACA4F00345ECD /* TwitterClone */,
				7E0BB3301E5ACA4F00345ECD /* Products */,
				8BB61F7DF7BD3945FFFC4F87 /* Pods */,
				A87B4A1161DCFAF0565D88C8 /* Frameworks */,
			);
			sourceTree = "<group>";
		};
		7E0BB3301E5ACA4F00345ECD /* Products */ = {
			isa = PBXGroup;
			children = (
				7E0BB32F1E5ACA4F00345ECD /* TwitterClone.app */,
			);
			name = Products;
			sourceTree = "<group>";
		};
		7E0BB3311E5ACA4F00345ECD /* TwitterClone */ = {
			isa = PBXGroup;
			children = (
				7EF226381E5C585800993C78 /* View */,
				7EF226371E5C585300993C78 /* Model */,
				7EF226361E5C584D00993C78 /* Controller */,
				7E0BB3321E5ACA4F00345ECD /* AppDelegate.swift */,
				7E0BB3391E5ACA4F00345ECD /* Assets.xcassets */,
				7E0BB33B1E5ACA4F00345ECD /* LaunchScreen.storyboard */,
				7E0BB33E1E5ACA4F00345ECD /* Info.plist */,
			);
			path = TwitterClone;
			sourceTree = "<group>";
		};
		7EF226361E5C584D00993C78 /* Controller */ = {
			isa = PBXGroup;
			children = (
				7EDBD25A1E5C4D6000B68BE5 /* HomeController.swift */,
				7EDBD25C1E5C534400B68BE5 /* HomeDataSourceController.swift */,
			);
			name = Controller;
			sourceTree = "<group>";
		};
		7EF226371E5C585300993C78 /* Model */ = {
			isa = PBXGroup;
			children = (
				7EF2263B1E5C58A100993C78 /* HomeDatasource.swift */,
			);
			name = Model;
			sourceTree = "<group>";
		};
		7EF226381E5C585800993C78 /* View */ = {
			isa = PBXGroup;
			children = (
				7EF226391E5C587000993C78 /* Cell.swift */,
			);
			name = View;
			sourceTree = "<group>";
		};
		8BB61F7DF7BD3945FFFC4F87 /* Pods */ = {
			isa = PBXGroup;
			children = (
				434D190A44F0A4C70C33DEAD /* Pods-TwitterClone.debug.xcconfig */,
				616723B9D864C950C61F00AC /* Pods-TwitterClone.release.xcconfig */,
			);
			name = Pods;
			sourceTree = "<group>";
		};
		A87B4A1161DCFAF0565D88C8 /* Frameworks */ = {
			isa = PBXGroup;
			children = (
				B8B8EC82EFB11187814E5F86 /* Pods_TwitterClone.framework */,
			);
			name = Frameworks;
			sourceTree = "<group>";
		};
/* End PBXGroup section */

/* Begin PBXNativeTarget section */
		7E0BB32E1E5ACA4F00345ECD /* TwitterClone */ = {
			isa = PBXNativeTarget;
			buildConfigurationList = 7E0BB3411E5ACA4F00345ECD /* Build configuration list for PBXNativeTarget "TwitterClone" */;
			buildPhases = (
				E6D358DF2A8A6EA562D939C6 /* [CP] Check Pods Manifest.lock */,
				7E0BB32B1E5ACA4F00345ECD /* Sources */,
				7E0BB32C1E5ACA4F00345ECD /* Frameworks */,
				7E0BB32D1E5ACA4F00345ECD /* Resources */,
				C73C7A510A06E8C036BE8E9A /* [CP] Embed Pods Frameworks */,
				3843D4850C4441A622891F73 /* [CP] Copy Pods Resources */,
			);
			buildRules = (
			);
			dependencies = (
			);
			name = TwitterClone;
			productName = TwitterClone;
			productReference = 7E0BB32F1E5ACA4F00345ECD /* TwitterClone.app */;
			productType = "com.apple.product-type.application";
		};
/* End PBXNativeTarget section */

/* Begin PBXProject section */
		7E0BB3271E5ACA4F00345ECD /* Project object */ = {
			isa = PBXProject;
			attributes = {
				LastSwiftUpdateCheck = 0810;
				LastUpgradeCheck = 0810;
				ORGANIZATIONNAME = "홍창남";
				TargetAttributes = {
					7E0BB32E1E5ACA4F00345ECD = {
						CreatedOnToolsVersion = 8.1;
						DevelopmentTeam = W6XUQ3PPN9;
						ProvisioningStyle = Automatic;
					};
				};
			};
			buildConfigurationList = 7E0BB32A1E5ACA4F00345ECD /* Build configuration list for PBXProject "TwitterClone" */;
			compatibilityVersion = "Xcode 3.2";
			developmentRegion = English;
			hasScannedForEncodings = 0;
			knownRegions = (
				en,
				Base,
			);
			mainGroup = 7E0BB3261E5ACA4F00345ECD;
			productRefGroup = 7E0BB3301E5ACA4F00345ECD /* Products */;
			projectDirPath = "";
			projectRoot = "";
			targets = (
				7E0BB32E1E5ACA4F00345ECD /* TwitterClone */,
			);
		};
/* End PBXProject section */

/* Begin PBXResourcesBuildPhase section */
		7E0BB32D1E5ACA4F00345ECD /* Resources */ = {
			isa = PBXResourcesBuildPhase;
			buildActionMask = 2147483647;
			files = (
				7E0BB33D1E5ACA4F00345ECD /* LaunchScreen.storyboard in Resources */,
				7E0BB33A1E5ACA4F00345ECD /* Assets.xcassets in Resources */,
			);
			runOnlyForDeploymentPostprocessing = 0;
		};
/* End PBXResourcesBuildPhase section */

/* Begin PBXShellScriptBuildPhase section */
		3843D4850C4441A622891F73 /* [CP] Copy Pods Resources */ = {
			isa = PBXShellScriptBuildPhase;
			buildActionMask = 2147483647;
			files = (
			);
			inputPaths = (
			);
			name = "[CP] Copy Pods Resources";
			outputPaths = (
			);
			runOnlyForDeploymentPostprocessing = 0;
			shellPath = /bin/sh;
			shellScript = "\"${SRCROOT}/Pods/Target Support Files/Pods-TwitterClone/Pods-TwitterClone-resources.sh\"\n";
			showEnvVarsInLog = 0;
		};
		C73C7A510A06E8C036BE8E9A /* [CP] Embed Pods Frameworks */ = {
			isa = PBXShellScriptBuildPhase;
			buildActionMask = 2147483647;
			files = (
			);
			inputPaths = (
			);
			name = "[CP] Embed Pods Frameworks";
			outputPaths = (
			);
			runOnlyForDeploymentPostprocessing = 0;
			shellPath = /bin/sh;
			shellScript = "\"${SRCROOT}/Pods/Target Support Files/Pods-TwitterClone/Pods-TwitterClone-frameworks.sh\"\n";
			showEnvVarsInLog = 0;
		};
		E6D358DF2A8A6EA562D939C6 /* [CP] Check Pods Manifest.lock */ = {
			isa = PBXShellScriptBuildPhase;
			buildActionMask = 2147483647;
			files = (
			);
			inputPaths = (
			);
			name = "[CP] Check Pods Manifest.lock";
			outputPaths = (
			);
			runOnlyForDeploymentPostprocessing = 0;
			shellPath = /bin/sh;
			shellScript = "diff \"${PODS_ROOT}/../Podfile.lock\" \"${PODS_ROOT}/Manifest.lock\" > /dev/null\nif [ $? != 0 ] ; then\n    # print error to STDERR\n    echo \"error: The sandbox is not in sync with the Podfile.lock. Run 'pod install' or update your CocoaPods installation.\" >&2\n    exit 1\nfi\n";
			showEnvVarsInLog = 0;
		};
/* End PBXShellScriptBuildPhase section */

/* Begin PBXSourcesBuildPhase section */
		7E0BB32B1E5ACA4F00345ECD /* Sources */ = {
			isa = PBXSourcesBuildPhase;
			buildActionMask = 2147483647;
			files = (
				7EF2263C1E5C58A100993C78 /* HomeDatasource.swift in Sources */,
				7EDBD25D1E5C534400B68BE5 /* HomeDataSourceController.swift in Sources */,
				7EF2263A1E5C587000993C78 /* Cell.swift in Sources */,
				7E0BB3331E5ACA4F00345ECD /* AppDelegate.swift in Sources */,
				7EDBD25B1E5C4D6000B68BE5 /* HomeController.swift in Sources */,
			);
			runOnlyForDeploymentPostprocessing = 0;
		};
/* End PBXSourcesBuildPhase section */

/* Begin PBXVariantGroup section */
		7E0BB33B1E5ACA4F00345ECD /* LaunchScreen.storyboard */ = {
			isa = PBXVariantGroup;
			children = (
				7E0BB33C1E5ACA4F00345ECD /* Base */,
			);
			name = LaunchScreen.storyboard;
			sourceTree = "<group>";
		};
/* End PBXVariantGroup section */

/* Begin XCBuildConfiguration section */
		7E0BB33F1E5ACA4F00345ECD /* Debug */ = {
			isa = XCBuildConfiguration;
			buildSettings = {
				ALWAYS_SEARCH_USER_PATHS = NO;
				CLANG_ANALYZER_NONNULL = YES;
				CLANG_CXX_LANGUAGE_STANDARD = "gnu++0x";
				CLANG_CXX_LIBRARY = "libc++";
				CLANG_ENABLE_MODULES = YES;
				CLANG_ENABLE_OBJC_ARC = YES;
				CLANG_WARN_BOOL_CONVERSION = YES;
				CLANG_WARN_CONSTANT_CONVERSION = YES;
				CLANG_WARN_DIRECT_OBJC_ISA_USAGE = YES_ERROR;
				CLANG_WARN_DOCUMENTATION_COMMENTS = YES;
				CLANG_WARN_EMPTY_BODY = YES;
				CLANG_WARN_ENUM_CONVERSION = YES;
				CLANG_WARN_INFINITE_RECURSION = YES;
				CLANG_WARN_INT_CONVERSION = YES;
				CLANG_WARN_OBJC_ROOT_CLASS = YES_ERROR;
				CLANG_WARN_SUSPICIOUS_MOVES = YES;
				CLANG_WARN_UNREACHABLE_CODE = YES;
				CLANG_WARN__DUPLICATE_METHOD_MATCH = YES;
				"CODE_SIGN_IDENTITY[sdk=iphoneos*]" = "iPhone Developer";
				COPY_PHASE_STRIP = NO;
				DEBUG_INFORMATION_FORMAT = dwarf;
				ENABLE_STRICT_OBJC_MSGSEND = YES;
				ENABLE_TESTABILITY = YES;
				GCC_C_LANGUAGE_STANDARD = gnu99;
				GCC_DYNAMIC_NO_PIC = NO;
				GCC_NO_COMMON_BLOCKS = YES;
				GCC_OPTIMIZATION_LEVEL = 0;
				GCC_PREPROCESSOR_DEFINITIONS = (
					"DEBUG=1",
					"$(inherited)",
				);
				GCC_WARN_64_TO_32_BIT_CONVERSION = YES;
				GCC_WARN_ABOUT_RETURN_TYPE = YES_ERROR;
				GCC_WARN_UNDECLARED_SELECTOR = YES;
				GCC_WARN_UNINITIALIZED_AUTOS = YES_AGGRESSIVE;
				GCC_WARN_UNUSED_FUNCTION = YES;
				GCC_WARN_UNUSED_VARIABLE = YES;
				IPHONEOS_DEPLOYMENT_TARGET = 10.1;
				MTL_ENABLE_DEBUG_INFO = YES;
				ONLY_ACTIVE_ARCH = YES;
				SDKROOT = iphoneos;
				SWIFT_ACTIVE_COMPILATION_CONDITIONS = DEBUG;
				SWIFT_OPTIMIZATION_LEVEL = "-Onone";
				TARGETED_DEVICE_FAMILY = "1,2";
			};
			name = Debug;
		};
		7E0BB3401E5ACA4F00345ECD /* Release */ = {
			isa = XCBuildConfiguration;
			buildSettings = {
				ALWAYS_SEARCH_USER_PATHS = NO;
				CLANG_ANALYZER_NONNULL = YES;
				CLANG_CXX_LANGUAGE_STANDARD = "gnu++0x";
				CLANG_CXX_LIBRARY = "libc++";
				CLANG_ENABLE_MODULES = YES;
				CLANG_ENABLE_OBJC_ARC = YES;
				CLANG_WARN_BOOL_CONVERSION = YES;
				CLANG_WARN_CONSTANT_CONVERSION = YES;
				CLANG_WARN_DIRECT_OBJC_ISA_USAGE = YES_ERROR;
				CLANG_WARN_DOCUMENTATION_COMMENTS = YES;
				CLANG_WARN_EMPTY_BODY = YES;
				CLANG_WARN_ENUM_CONVERSION = YES;
				CLANG_WARN_INFINITE_RECURSION = YES;
				CLANG_WARN_INT_CONVERSION = YES;
				CLANG_WARN_OBJC_ROOT_CLASS = YES_ERROR;
				CLANG_WARN_SUSPICIOUS_MOVES = YES;
				CLANG_WARN_UNREACHABLE_CODE = YES;
				CLANG_WARN__DUPLICATE_METHOD_MATCH = YES;
				"CODE_SIGN_IDENTITY[sdk=iphoneos*]" = "iPhone Developer";
				COPY_PHASE_STRIP = NO;
				DEBUG_INFORMATION_FORMAT = "dwarf-with-dsym";
				ENABLE_NS_ASSERTIONS = NO;
				ENABLE_STRICT_OBJC_MSGSEND = YES;
				GCC_C_LANGUAGE_STANDARD = gnu99;
				GCC_NO_COMMON_BLOCKS = YES;
				GCC_WARN_64_TO_32_BIT_CONVERSION = YES;
				GCC_WARN_ABOUT_RETURN_TYPE = YES_ERROR;
				GCC_WARN_UNDECLARED_SELECTOR = YES;
				GCC_WARN_UNINITIALIZED_AUTOS = YES_AGGRESSIVE;
				GCC_WARN_UNUSED_FUNCTION = YES;
				GCC_WARN_UNUSED_VARIABLE = YES;
				IPHONEOS_DEPLOYMENT_TARGET = 10.1;
				MTL_ENABLE_DEBUG_INFO = NO;
				SDKROOT = iphoneos;
				SWIFT_OPTIMIZATION_LEVEL = "-Owholemodule";
				TARGETED_DEVICE_FAMILY = "1,2";
				VALIDATE_PRODUCT = YES;
			};
			name = Release;
		};
		7E0BB3421E5ACA4F00345ECD /* Debug */ = {
			isa = XCBuildConfiguration;
			baseConfigurationReference = 434D190A44F0A4C70C33DEAD /* Pods-TwitterClone.debug.xcconfig */;
			buildSettings = {
				ASSETCATALOG_COMPILER_APPICON_NAME = AppIcon;
				DEVELOPMENT_TEAM = W6XUQ3PPN9;
				INFOPLIST_FILE = TwitterClone/Info.plist;
				LD_RUNPATH_SEARCH_PATHS = "$(inherited) @executable_path/Frameworks";
				PRODUCT_BUNDLE_IDENTIFIER = com.hcn1519.TwitterClone;
				PRODUCT_NAME = "$(TARGET_NAME)";
				SWIFT_VERSION = 3.0;
			};
			name = Debug;
		};
		7E0BB3431E5ACA4F00345ECD /* Release */ = {
			isa = XCBuildConfiguration;
			baseConfigurationReference = 616723B9D864C950C61F00AC /* Pods-TwitterClone.release.xcconfig */;
			buildSettings = {
				ASSETCATALOG_COMPILER_APPICON_NAME = AppIcon;
				DEVELOPMENT_TEAM = W6XUQ3PPN9;
				INFOPLIST_FILE = TwitterClone/Info.plist;
				LD_RUNPATH_SEARCH_PATHS = "$(inherited) @executable_path/Frameworks";
				PRODUCT_BUNDLE_IDENTIFIER = com.hcn1519.TwitterClone;
				PRODUCT_NAME = "$(TARGET_NAME)";
				SWIFT_VERSION = 3.0;
			};
			name = Release;
		};
/* End XCBuildConfiguration section */

/* Begin XCConfigurationList section */
		7E0BB32A1E5ACA4F00345ECD /* Build configuration list for PBXProject "TwitterClone" */ = {
			isa = XCConfigurationList;
			buildConfigurations = (
				7E0BB33F1E5ACA4F00345ECD /* Debug */,
				7E0BB3401E5ACA4F00345ECD /* Release */,
			);
			defaultConfigurationIsVisible = 0;
			defaultConfigurationName = Release;
		};
		7E0BB3411E5ACA4F00345ECD /* Build configuration list for PBXNativeTarget "TwitterClone" */ = {
			isa = XCConfigurationList;
			buildConfigurations = (
				7E0BB3421E5ACA4F00345ECD /* Debug */,
				7E0BB3431E5ACA4F00345ECD /* Release */,
			);
			defaultConfigurationIsVisible = 0;
			defaultConfigurationName = Release;
		};
/* End XCConfigurationList section */
	};
	rootObject = 7E0BB3271E5ACA4F00345ECD /* Project object */;
}
